
Microsoft Visual Studio Solution File, Format Version 12.00
# Visual Studio Version 17
VisualStudioVersion = 17.9.34622.214
MinimumVisualStudioVersion = 10.0.40219.1
Project("{FAE04EC0-301F-11D3-BF4B-00C04F79EFBC}") = "C19Plugin", "C19Plugin.csproj", "{CDBFE642-907A-4268-B268-623566C2C567}"
EndProject
Project("{2150E333-8FDC-42A3-9474-1A3956D46DE8}") = "Projektmappenelemente", "Projektmappenelemente", "{DB145B4A-A6D2-4C7A-8703-80221998F1AF}"
EndProject
Global
	GlobalSection(SolutionConfigurationPlatforms) = preSolution
		Debug|Any CPU = Debug|Any CPU
		Release|Any CPU = Release|Any CPU
	EndGlobalSection
	GlobalSection(ProjectConfigurationPlatforms) = postSolution
		{CDBFE642-907A-4268-B268-623566C2C567}.Debug|Any CPU.ActiveCfg = Debug|Any CPU
		{CDBFE642-907A-4268-B268-623566C2C567}.Debug|Any CPU.Build.0 = Debug|Any CPU
		{CDBFE642-907A-4268-B268-623566C2C567}.Release|Any CPU.ActiveCfg = Release|Any CPU
		{CDBFE642-907A-4268-B268-623566C2C567}.Release|Any CPU.Build.0 = Release|Any CPU
	EndGlobalSection
	GlobalSection(SolutionProperties) = preSolution
		HideSolutionNode = FALSE
	EndGlobalSection
	GlobalSection(ExtensibilityGlobals) = postSolution
		SolutionGuid = {2B7B5AB4-1523-426D-8BD4-4F9DD037BD7E}
	EndGlobalSection
EndGlobal
